
Microsoft Visual Studio Solution File, Format Version 12.00
# Visual Studio Version 16
VisualStudioVersion = 16.0.30330.147
MinimumVisualStudioVersion = 10.0.40219.1
Project("{FAE04EC0-301F-11D3-BF4B-00C04F79EFBC}") = "AuthenticatorDemo", "AuthenticatorDemo\AuthenticatorDemo.csproj", "{8C07443C-F2B9-4B21-A220-7F9E11EAD0A5}"
EndProject
Global
	GlobalSection(SolutionConfigurationPlatforms) = preSolution
		Debug|Any CPU = Debug|Any CPU
		Release|Any CPU = Release|Any CPU
	EndGlobalSection
	GlobalSection(ProjectConfigurationPlatforms) = postSolution
		{8C07443C-F2B9-4B21-A220-7F9E11EAD0A5}.Debug|Any CPU.ActiveCfg = Debug|Any CPU
		{8C07443C-F2B9-4B21-A220-7F9E11EAD0A5}.Debug|Any CPU.Build.0 = Debug|Any CPU
		{8C07443C-F2B9-4B21-A220-7F9E11EAD0A5}.Release|Any CPU.ActiveCfg = Release|Any CPU
		{8C07443C-F2B9-4B21-A220-7F9E11EAD0A5}.Release|Any CPU.Build.0 = Release|Any CPU
	EndGlobalSection
	GlobalSection(SolutionProperties) = preSolution
		HideSolutionNode = FALSE
	EndGlobalSection
	GlobalSection(ExtensibilityGlobals) = postSolution
		SolutionGuid = {AB0B46E5-00E7-44D1-87F2-A051339B92A2}
	EndGlobalSection
EndGlobal
